
Microsoft Visual Studio Solution File, Format Version 12.00
# Visual Studio Version 17
VisualStudioVersion = 17.6.33829.357
MinimumVisualStudioVersion = 10.0.40219.1
Project("{FAE04EC0-301F-11D3-BF4B-00C04F79EFBC}") = "EFCoreDemoAspWebAPI", "EFCoreDemoAspWebAPI\EFCoreDemoAspWebAPI.csproj", "{D096B4A2-27CF-4918-A918-7C9787CD8E8D}"
EndProject
Global
	GlobalSection(SolutionConfigurationPlatforms) = preSolution
		Debug|Any CPU = Debug|Any CPU
		Release|Any CPU = Release|Any CPU
	EndGlobalSection
	GlobalSection(ProjectConfigurationPlatforms) = postSolution
		{D096B4A2-27CF-4918-A918-7C9787CD8E8D}.Debug|Any CPU.ActiveCfg = Debug|Any CPU
		{D096B4A2-27CF-4918-A918-7C9787CD8E8D}.Debug|Any CPU.Build.0 = Debug|Any CPU
		{D096B4A2-27CF-4918-A918-7C9787CD8E8D}.Release|Any CPU.ActiveCfg = Release|Any CPU
		{D096B4A2-27CF-4918-A918-7C9787CD8E8D}.Release|Any CPU.Build.0 = Release|Any CPU
	EndGlobalSection
	GlobalSection(SolutionProperties) = preSolution
		HideSolutionNode = FALSE
	EndGlobalSection
	GlobalSection(ExtensibilityGlobals) = postSolution
		SolutionGuid = {927DBB4A-62F8-4CA0-A222-2C6066707BD1}
	EndGlobalSection
EndGlobal
